// !$*UTF8*$!
{
	archiveVersion = 1;
	classes = {
	};
	objectVersion = 55;
	objects = {

/* Begin PBXBuildFile section */
		3678E3D86B068B7CA31D4D52 /* Pods_flash__macOS_.framework in Frameworks */ = {isa = PBXBuildFile; fileRef = AE686C443F9E53706F4A4196 /* Pods_flash__macOS_.framework */; };
		50A0F4642819054E00ADAF85 /* Tests_iOS.swift in Sources */ = {isa = PBXBuildFile; fileRef = 50A0F4632819054E00ADAF85 /* Tests_iOS.swift */; };
		50A0F4662819054E00ADAF85 /* Tests_iOSLaunchTests.swift in Sources */ = {isa = PBXBuildFile; fileRef = 50A0F4652819054E00ADAF85 /* Tests_iOSLaunchTests.swift */; };
		50A0F4702819054E00ADAF85 /* Tests_macOS.swift in Sources */ = {isa = PBXBuildFile; fileRef = 50A0F46F2819054E00ADAF85 /* Tests_macOS.swift */; };
		50A0F4722819054E00ADAF85 /* Tests_macOSLaunchTests.swift in Sources */ = {isa = PBXBuildFile; fileRef = 50A0F4712819054E00ADAF85 /* Tests_macOSLaunchTests.swift */; };
		50A0F4732819054E00ADAF85 /* flashApp.swift in Sources */ = {isa = PBXBuildFile; fileRef = 50A0F44B2819054C00ADAF85 /* flashApp.swift */; };
		50A0F4742819054E00ADAF85 /* flashApp.swift in Sources */ = {isa = PBXBuildFile; fileRef = 50A0F44B2819054C00ADAF85 /* flashApp.swift */; };
		50A0F4752819054E00ADAF85 /* ContentView.swift in Sources */ = {isa = PBXBuildFile; fileRef = 50A0F44C2819054C00ADAF85 /* ContentView.swift */; };
		50A0F4772819054E00ADAF85 /* Assets.xcassets in Resources */ = {isa = PBXBuildFile; fileRef = 50A0F44D2819054E00ADAF85 /* Assets.xcassets */; };
		50A0F4782819054E00ADAF85 /* Assets.xcassets in Resources */ = {isa = PBXBuildFile; fileRef = 50A0F44D2819054E00ADAF85 /* Assets.xcassets */; };
		50A0F48B281906D100ADAF85 /* Note.swift in Sources */ = {isa = PBXBuildFile; fileRef = 50A0F48A281906D100ADAF85 /* Note.swift */; };
		50A0F48C281906D100ADAF85 /* Note.swift in Sources */ = {isa = PBXBuildFile; fileRef = 50A0F48A281906D100ADAF85 /* Note.swift */; };
		50A0F48E2819096F00ADAF85 /* DatabaseManager.swift in Sources */ = {isa = PBXBuildFile; fileRef = 50A0F48D2819096F00ADAF85 /* DatabaseManager.swift */; };
		50A0F48F2819096F00ADAF85 /* DatabaseManager.swift in Sources */ = {isa = PBXBuildFile; fileRef = 50A0F48D2819096F00ADAF85 /* DatabaseManager.swift */; };
		50A0F491281A50DB00ADAF85 /* NoteList.swift in Sources */ = {isa = PBXBuildFile; fileRef = 50A0F490281A50DB00ADAF85 /* NoteList.swift */; };
		50A0F494281A52F300ADAF85 /* NoteListViewModel.swift in Sources */ = {isa = PBXBuildFile; fileRef = 50A0F493281A52F300ADAF85 /* NoteListViewModel.swift */; };
		6035AB5DD337575CE43686D9 /* Pods_flash__iOS_.framework in Frameworks */ = {isa = PBXBuildFile; fileRef = 4A49731C2113C5C19760ED47 /* Pods_flash__iOS_.framework */; };
/* End PBXBuildFile section */

/* Begin PBXContainerItemProxy section */
		50A0F4602819054E00ADAF85 /* PBXContainerItemProxy */ = {
			isa = PBXContainerItemProxy;
			containerPortal = 50A0F4462819054C00ADAF85 /* Project object */;
			proxyType = 1;
			remoteGlobalIDString = 50A0F4512819054E00ADAF85;
			remoteInfo = "flash (iOS)";
		};
		50A0F46C2819054E00ADAF85 /* PBXContainerItemProxy */ = {
			isa = PBXContainerItemProxy;
			containerPortal = 50A0F4462819054C00ADAF85 /* Project object */;
			proxyType = 1;
			remoteGlobalIDString = 50A0F4572819054E00ADAF85;
			remoteInfo = "flash (macOS)";
		};
/* End PBXContainerItemProxy section */

/* Begin PBXFileReference section */
		2AA8C25838AD78BFF7D083E1 /* Pods-flash (iOS).debug.xcconfig */ = {isa = PBXFileReference; includeInIndex = 1; lastKnownFileType = text.xcconfig; name = "Pods-flash (iOS).debug.xcconfig"; path = "Target Support Files/Pods-flash (iOS)/Pods-flash (iOS).debug.xcconfig"; sourceTree = "<group>"; };
		4922E8116C689DBD61613136 /* Pods-flash (macOS).release.xcconfig */ = {isa = PBXFileReference; includeInIndex = 1; lastKnownFileType = text.xcconfig; name = "Pods-flash (macOS).release.xcconfig"; path = "Target Support Files/Pods-flash (macOS)/Pods-flash (macOS).release.xcconfig"; sourceTree = "<group>"; };
		4A49731C2113C5C19760ED47 /* Pods_flash__iOS_.framework */ = {isa = PBXFileReference; explicitFileType = wrapper.framework; includeInIndex = 0; path = Pods_flash__iOS_.framework; sourceTree = BUILT_PRODUCTS_DIR; };
		4CF0276C61775FE6D42B0375 /* Pods-flash (iOS).release.xcconfig */ = {isa = PBXFileReference; includeInIndex = 1; lastKnownFileType = text.xcconfig; name = "Pods-flash (iOS).release.xcconfig"; path = "Target Support Files/Pods-flash (iOS)/Pods-flash (iOS).release.xcconfig"; sourceTree = "<group>"; };
		50A0F44B2819054C00ADAF85 /* flashApp.swift */ = {isa = PBXFileReference; lastKnownFileType = sourcecode.swift; path = flashApp.swift; sourceTree = "<group>"; };
		50A0F44C2819054C00ADAF85 /* ContentView.swift */ = {isa = PBXFileReference; lastKnownFileType = sourcecode.swift; path = ContentView.swift; sourceTree = "<group>"; };
		50A0F44D2819054E00ADAF85 /* Assets.xcassets */ = {isa = PBXFileReference; lastKnownFileType = folder.assetcatalog; path = Assets.xcassets; sourceTree = "<group>"; };
		50A0F4522819054E00ADAF85 /* flash.app */ = {isa = PBXFileReference; explicitFileType = wrapper.application; includeInIndex = 0; path = flash.app; sourceTree = BUILT_PRODUCTS_DIR; };
		50A0F4582819054E00ADAF85 /* flash.app */ = {isa = PBXFileReference; explicitFileType = wrapper.application; includeInIndex = 0; path = flash.app; sourceTree = BUILT_PRODUCTS_DIR; };
		50A0F45A2819054E00ADAF85 /* macOS.entitlements */ = {isa = PBXFileReference; lastKnownFileType = text.plist.entitlements; path = macOS.entitlements; sourceTree = "<group>"; };
		50A0F45F2819054E00ADAF85 /* Tests iOS.xctest */ = {isa = PBXFileReference; explicitFileType = wrapper.cfbundle; includeInIndex = 0; path = "Tests iOS.xctest"; sourceTree = BUILT_PRODUCTS_DIR; };
		50A0F4632819054E00ADAF85 /* Tests_iOS.swift */ = {isa = PBXFileReference; lastKnownFileType = sourcecode.swift; path = Tests_iOS.swift; sourceTree = "<group>"; };
		50A0F4652819054E00ADAF85 /* Tests_iOSLaunchTests.swift */ = {isa = PBXFileReference; lastKnownFileType = sourcecode.swift; path = Tests_iOSLaunchTests.swift; sourceTree = "<group>"; };
		50A0F46B2819054E00ADAF85 /* Tests macOS.xctest */ = {isa = PBXFileReference; explicitFileType = wrapper.cfbundle; includeInIndex = 0; path = "Tests macOS.xctest"; sourceTree = BUILT_PRODUCTS_DIR; };
		50A0F46F2819054E00ADAF85 /* Tests_macOS.swift */ = {isa = PBXFileReference; lastKnownFileType = sourcecode.swift; path = Tests_macOS.swift; sourceTree = "<group>"; };
		50A0F4712819054E00ADAF85 /* Tests_macOSLaunchTests.swift */ = {isa = PBXFileReference; lastKnownFileType = sourcecode.swift; path = Tests_macOSLaunchTests.swift; sourceTree = "<group>"; };
		50A0F48A281906D100ADAF85 /* Note.swift */ = {isa = PBXFileReference; lastKnownFileType = sourcecode.swift; path = Note.swift; sourceTree = "<group>"; };
		50A0F48D2819096F00ADAF85 /* DatabaseManager.swift */ = {isa = PBXFileReference; lastKnownFileType = sourcecode.swift; path = DatabaseManager.swift; sourceTree = "<group>"; };
		50A0F490281A50DB00ADAF85 /* NoteList.swift */ = {isa = PBXFileReference; lastKnownFileType = sourcecode.swift; path = NoteList.swift; sourceTree = "<group>"; };
		50A0F493281A52F300ADAF85 /* NoteListViewModel.swift */ = {isa = PBXFileReference; lastKnownFileType = sourcecode.swift; path = NoteListViewModel.swift; sourceTree = "<group>"; };
		60759FD14A30BCFA9595EA79 /* Pods-flash (macOS).debug.xcconfig */ = {isa = PBXFileReference; includeInIndex = 1; lastKnownFileType = text.xcconfig; name = "Pods-flash (macOS).debug.xcconfig"; path = "Target Support Files/Pods-flash (macOS)/Pods-flash (macOS).debug.xcconfig"; sourceTree = "<group>"; };
		AE686C443F9E53706F4A4196 /* Pods_flash__macOS_.framework */ = {isa = PBXFileReference; explicitFileType = wrapper.framework; includeInIndex = 0; path = Pods_flash__macOS_.framework; sourceTree = BUILT_PRODUCTS_DIR; };
/* End PBXFileReference section */

/* Begin PBXFrameworksBuildPhase section */
		50A0F44F2819054E00ADAF85 /* Frameworks */ = {
			isa = PBXFrameworksBuildPhase;
			buildActionMask = 2147483647;
			files = (
				6035AB5DD337575CE43686D9 /* Pods_flash__iOS_.framework in Frameworks */,
			);
			runOnlyForDeploymentPostprocessing = 0;
		};
		50A0F4552819054E00ADAF85 /* Frameworks */ = {
			isa = PBXFrameworksBuildPhase;
			buildActionMask = 2147483647;
			files = (
				3678E3D86B068B7CA31D4D52 /* Pods_flash__macOS_.framework in Frameworks */,
			);
			runOnlyForDeploymentPostprocessing = 0;
		};
		50A0F45C2819054E00ADAF85 /* Frameworks */ = {
			isa = PBXFrameworksBuildPhase;
			buildActionMask = 2147483647;
			files = (
			);
			runOnlyForDeploymentPostprocessing = 0;
		};
		50A0F4682819054E00ADAF85 /* Frameworks */ = {
			isa = PBXFrameworksBuildPhase;
			buildActionMask = 2147483647;
			files = (
			);
			runOnlyForDeploymentPostprocessing = 0;
		};
/* End PBXFrameworksBuildPhase section */

/* Begin PBXGroup section */
		50A0F4452819054C00ADAF85 = {
			isa = PBXGroup;
			children = (
				50A0F44A2819054C00ADAF85 /* Shared */,
				50A0F4592819054E00ADAF85 /* macOS */,
				50A0F4622819054E00ADAF85 /* Tests iOS */,
				50A0F46E2819054E00ADAF85 /* Tests macOS */,
				50A0F4532819054E00ADAF85 /* Products */,
				65BA51794C49865DE9834CC5 /* Pods */,
				7811B8EA42E4239B0DE68B40 /* Frameworks */,
			);
			sourceTree = "<group>";
		};
		50A0F44A2819054C00ADAF85 /* Shared */ = {
			isa = PBXGroup;
			children = (
				50A0F487281906A500ADAF85 /* Model */,
				50A0F488281906AC00ADAF85 /* View */,
				50A0F492281A52CF00ADAF85 /* ViewModel */,
				50A0F44B2819054C00ADAF85 /* flashApp.swift */,
				50A0F489281906B500ADAF85 /* Manager */,
				50A0F44D2819054E00ADAF85 /* Assets.xcassets */,
			);
			path = Shared;
			sourceTree = "<group>";
		};
		50A0F4532819054E00ADAF85 /* Products */ = {
			isa = PBXGroup;
			children = (
				50A0F4522819054E00ADAF85 /* flash.app */,
				50A0F4582819054E00ADAF85 /* flash.app */,
				50A0F45F2819054E00ADAF85 /* Tests iOS.xctest */,
				50A0F46B2819054E00ADAF85 /* Tests macOS.xctest */,
			);
			name = Products;
			sourceTree = "<group>";
		};
		50A0F4592819054E00ADAF85 /* macOS */ = {
			isa = PBXGroup;
			children = (
				50A0F45A2819054E00ADAF85 /* macOS.entitlements */,
			);
			path = macOS;
			sourceTree = "<group>";
		};
		50A0F4622819054E00ADAF85 /* Tests iOS */ = {
			isa = PBXGroup;
			children = (
				50A0F4632819054E00ADAF85 /* Tests_iOS.swift */,
				50A0F4652819054E00ADAF85 /* Tests_iOSLaunchTests.swift */,
			);
			path = "Tests iOS";
			sourceTree = "<group>";
		};
		50A0F46E2819054E00ADAF85 /* Tests macOS */ = {
			isa = PBXGroup;
			children = (
				50A0F46F2819054E00ADAF85 /* Tests_macOS.swift */,
				50A0F4712819054E00ADAF85 /* Tests_macOSLaunchTests.swift */,
			);
			path = "Tests macOS";
			sourceTree = "<group>";
		};
		50A0F487281906A500ADAF85 /* Model */ = {
			isa = PBXGroup;
			children = (
				50A0F48A281906D100ADAF85 /* Note.swift */,
			);
			path = Model;
			sourceTree = "<group>";
		};
		50A0F488281906AC00ADAF85 /* View */ = {
			isa = PBXGroup;
			children = (
				50A0F490281A50DB00ADAF85 /* NoteList.swift */,
				50A0F44C2819054C00ADAF85 /* ContentView.swift */,
			);
			path = View;
			sourceTree = "<group>";
		};
		50A0F489281906B500ADAF85 /* Manager */ = {
			isa = PBXGroup;
			children = (
				50A0F48D2819096F00ADAF85 /* DatabaseManager.swift */,
			);
			path = Manager;
			sourceTree = "<group>";
		};
		50A0F492281A52CF00ADAF85 /* ViewModel */ = {
			isa = PBXGroup;
			children = (
				50A0F493281A52F300ADAF85 /* NoteListViewModel.swift */,
			);
			path = ViewModel;
			sourceTree = "<group>";
		};
		65BA51794C49865DE9834CC5 /* Pods */ = {
			isa = PBXGroup;
			children = (
				2AA8C25838AD78BFF7D083E1 /* Pods-flash (iOS).debug.xcconfig */,
				4CF0276C61775FE6D42B0375 /* Pods-flash (iOS).release.xcconfig */,
				60759FD14A30BCFA9595EA79 /* Pods-flash (macOS).debug.xcconfig */,
				4922E8116C689DBD61613136 /* Pods-flash (macOS).release.xcconfig */,
			);
			path = Pods;
			sourceTree = "<group>";
		};
		7811B8EA42E4239B0DE68B40 /* Frameworks */ = {
			isa = PBXGroup;
			children = (
				4A49731C2113C5C19760ED47 /* Pods_flash__iOS_.framework */,
				AE686C443F9E53706F4A4196 /* Pods_flash__macOS_.framework */,
			);
			name = Frameworks;
			sourceTree = "<group>";
		};
/* End PBXGroup section */

/* Begin PBXNativeTarget section */
		50A0F4512819054E00ADAF85 /* flash (iOS) */ = {
			isa = PBXNativeTarget;
			buildConfigurationList = 50A0F47B2819054E00ADAF85 /* Build configuration list for PBXNativeTarget "flash (iOS)" */;
			buildPhases = (
				DB88E7BF561EC5D28F26E2B1 /* [CP] Check Pods Manifest.lock */,
				50A0F44E2819054E00ADAF85 /* Sources */,
				50A0F44F2819054E00ADAF85 /* Frameworks */,
				50A0F4502819054E00ADAF85 /* Resources */,
				4CA2A94BB866977DB7A04964 /* [CP] Embed Pods Frameworks */,
			);
			buildRules = (
			);
			dependencies = (
			);
			name = "flash (iOS)";
			productName = "flash (iOS)";
			productReference = 50A0F4522819054E00ADAF85 /* flash.app */;
			productType = "com.apple.product-type.application";
		};
		50A0F4572819054E00ADAF85 /* flash (macOS) */ = {
			isa = PBXNativeTarget;
			buildConfigurationList = 50A0F47E2819054E00ADAF85 /* Build configuration list for PBXNativeTarget "flash (macOS)" */;
			buildPhases = (
				EA384B207B534D0D37B40E84 /* [CP] Check Pods Manifest.lock */,
				50A0F4542819054E00ADAF85 /* Sources */,
				50A0F4552819054E00ADAF85 /* Frameworks */,
				50A0F4562819054E00ADAF85 /* Resources */,
				A62B121B225CFE876310F57F /* [CP] Embed Pods Frameworks */,
			);
			buildRules = (
			);
			dependencies = (
			);
			name = "flash (macOS)";
			productName = "flash (macOS)";
			productReference = 50A0F4582819054E00ADAF85 /* flash.app */;
			productType = "com.apple.product-type.application";
		};
		50A0F45E2819054E00ADAF85 /* Tests iOS */ = {
			isa = PBXNativeTarget;
			buildConfigurationList = 50A0F4812819054E00ADAF85 /* Build configuration list for PBXNativeTarget "Tests iOS" */;
			buildPhases = (
				50A0F45B2819054E00ADAF85 /* Sources */,
				50A0F45C2819054E00ADAF85 /* Frameworks */,
				50A0F45D2819054E00ADAF85 /* Resources */,
			);
			buildRules = (
			);
			dependencies = (
				50A0F4612819054E00ADAF85 /* PBXTargetDependency */,
			);
			name = "Tests iOS";
			productName = "Tests iOS";
			productReference = 50A0F45F2819054E00ADAF85 /* Tests iOS.xctest */;
			productType = "com.apple.product-type.bundle.ui-testing";
		};
		50A0F46A2819054E00ADAF85 /* Tests macOS */ = {
			isa = PBXNativeTarget;
			buildConfigurationList = 50A0F4842819054E00ADAF85 /* Build configuration list for PBXNativeTarget "Tests macOS" */;
			buildPhases = (
				50A0F4672819054E00ADAF85 /* Sources */,
				50A0F4682819054E00ADAF85 /* Frameworks */,
				50A0F4692819054E00ADAF85 /* Resources */,
			);
			buildRules = (
			);
			dependencies = (
				50A0F46D2819054E00ADAF85 /* PBXTargetDependency */,
			);
			name = "Tests macOS";
			productName = "Tests macOS";
			productReference = 50A0F46B2819054E00ADAF85 /* Tests macOS.xctest */;
			productType = "com.apple.product-type.bundle.ui-testing";
		};
/* End PBXNativeTarget section */

/* Begin PBXProject section */
		50A0F4462819054C00ADAF85 /* Project object */ = {
			isa = PBXProject;
			attributes = {
				BuildIndependentTargetsInParallel = 1;
				LastSwiftUpdateCheck = 1330;
				LastUpgradeCheck = 1330;
				TargetAttributes = {
					50A0F4512819054E00ADAF85 = {
						CreatedOnToolsVersion = 13.3.1;
					};
					50A0F4572819054E00ADAF85 = {
						CreatedOnToolsVersion = 13.3.1;
					};
					50A0F45E2819054E00ADAF85 = {
						CreatedOnToolsVersion = 13.3.1;
						TestTargetID = 50A0F4512819054E00ADAF85;
					};
					50A0F46A2819054E00ADAF85 = {
						CreatedOnToolsVersion = 13.3.1;
						TestTargetID = 50A0F4572819054E00ADAF85;
					};
				};
			};
			buildConfigurationList = 50A0F4492819054C00ADAF85 /* Build configuration list for PBXProject "flash" */;
			compatibilityVersion = "Xcode 13.0";
			developmentRegion = en;
			hasScannedForEncodings = 0;
			knownRegions = (
				en,
				Base,
			);
			mainGroup = 50A0F4452819054C00ADAF85;
			productRefGroup = 50A0F4532819054E00ADAF85 /* Products */;
			projectDirPath = "";
			projectRoot = "";
			targets = (
				50A0F4512819054E00ADAF85 /* flash (iOS) */,
				50A0F4572819054E00ADAF85 /* flash (macOS) */,
				50A0F45E2819054E00ADAF85 /* Tests iOS */,
				50A0F46A2819054E00ADAF85 /* Tests macOS */,
			);
		};
/* End PBXProject section */

/* Begin PBXResourcesBuildPhase section */
		50A0F4502819054E00ADAF85 /* Resources */ = {
			isa = PBXResourcesBuildPhase;
			buildActionMask = 2147483647;
			files = (
				50A0F4772819054E00ADAF85 /* Assets.xcassets in Resources */,
			);
			runOnlyForDeploymentPostprocessing = 0;
		};
		50A0F4562819054E00ADAF85 /* Resources */ = {
			isa = PBXResourcesBuildPhase;
			buildActionMask = 2147483647;
			files = (
				50A0F4782819054E00ADAF85 /* Assets.xcassets in Resources */,
			);
			runOnlyForDeploymentPostprocessing = 0;
		};
		50A0F45D2819054E00ADAF85 /* Resources */ = {
			isa = PBXResourcesBuildPhase;
			buildActionMask = 2147483647;
			files = (
			);
			runOnlyForDeploymentPostprocessing = 0;
		};
		50A0F4692819054E00ADAF85 /* Resources */ = {
			isa = PBXResourcesBuildPhase;
			buildActionMask = 2147483647;
			files = (
			);
			runOnlyForDeploymentPostprocessing = 0;
		};
/* End PBXResourcesBuildPhase section */

/* Begin PBXShellScriptBuildPhase section */
		4CA2A94BB866977DB7A04964 /* [CP] Embed Pods Frameworks */ = {
			isa = PBXShellScriptBuildPhase;
			buildActionMask = 2147483647;
			files = (
			);
			inputFileListPaths = (
				"${PODS_ROOT}/Target Support Files/Pods-flash (iOS)/Pods-flash (iOS)-frameworks-${CONFIGURATION}-input-files.xcfilelist",
			);
			name = "[CP] Embed Pods Frameworks";
			outputFileListPaths = (
				"${PODS_ROOT}/Target Support Files/Pods-flash (iOS)/Pods-flash (iOS)-frameworks-${CONFIGURATION}-output-files.xcfilelist",
			);
			runOnlyForDeploymentPostprocessing = 0;
			shellPath = /bin/sh;
			shellScript = "\"${PODS_ROOT}/Target Support Files/Pods-flash (iOS)/Pods-flash (iOS)-frameworks.sh\"\n";
			showEnvVarsInLog = 0;
		};
		A62B121B225CFE876310F57F /* [CP] Embed Pods Frameworks */ = {
			isa = PBXShellScriptBuildPhase;
			buildActionMask = 2147483647;
			files = (
			);
			inputFileListPaths = (
				"${PODS_ROOT}/Target Support Files/Pods-flash (macOS)/Pods-flash (macOS)-frameworks-${CONFIGURATION}-input-files.xcfilelist",
			);
			name = "[CP] Embed Pods Frameworks";
			outputFileListPaths = (
				"${PODS_ROOT}/Target Support Files/Pods-flash (macOS)/Pods-flash (macOS)-frameworks-${CONFIGURATION}-output-files.xcfilelist",
			);
			runOnlyForDeploymentPostprocessing = 0;
			shellPath = /bin/sh;
			shellScript = "\"${PODS_ROOT}/Target Support Files/Pods-flash (macOS)/Pods-flash (macOS)-frameworks.sh\"\n";
			showEnvVarsInLog = 0;
		};
		DB88E7BF561EC5D28F26E2B1 /* [CP] Check Pods Manifest.lock */ = {
			isa = PBXShellScriptBuildPhase;
			buildActionMask = 2147483647;
			files = (
			);
			inputFileListPaths = (
			);
			inputPaths = (
				"${PODS_PODFILE_DIR_PATH}/Podfile.lock",
				"${PODS_ROOT}/Manifest.lock",
			);
			name = "[CP] Check Pods Manifest.lock";
			outputFileListPaths = (
			);
			outputPaths = (
				"$(DERIVED_FILE_DIR)/Pods-flash (iOS)-checkManifestLockResult.txt",
			);
			runOnlyForDeploymentPostprocessing = 0;
			shellPath = /bin/sh;
			shellScript = "diff \"${PODS_PODFILE_DIR_PATH}/Podfile.lock\" \"${PODS_ROOT}/Manifest.lock\" > /dev/null\nif [ $? != 0 ] ; then\n    # print error to STDERR\n    echo \"error: The sandbox is not in sync with the Podfile.lock. Run 'pod install' or update your CocoaPods installation.\" >&2\n    exit 1\nfi\n# This output is used by Xcode 'outputs' to avoid re-running this script phase.\necho \"SUCCESS\" > \"${SCRIPT_OUTPUT_FILE_0}\"\n";
			showEnvVarsInLog = 0;
		};
		EA384B207B534D0D37B40E84 /* [CP] Check Pods Manifest.lock */ = {
			isa = PBXShellScriptBuildPhase;
			buildActionMask = 2147483647;
			files = (
			);
			inputFileListPaths = (
			);
			inputPaths = (
				"${PODS_PODFILE_DIR_PATH}/Podfile.lock",
				"${PODS_ROOT}/Manifest.lock",
			);
			name = "[CP] Check Pods Manifest.lock";
			outputFileListPaths = (
			);
			outputPaths = (
				"$(DERIVED_FILE_DIR)/Pods-flash (macOS)-checkManifestLockResult.txt",
			);
			runOnlyForDeploymentPostprocessing = 0;
			shellPath = /bin/sh;
			shellScript = "diff \"${PODS_PODFILE_DIR_PATH}/Podfile.lock\" \"${PODS_ROOT}/Manifest.lock\" > /dev/null\nif [ $? != 0 ] ; then\n    # print error to STDERR\n    echo \"error: The sandbox is not in sync with the Podfile.lock. Run 'pod install' or update your CocoaPods installation.\" >&2\n    exit 1\nfi\n# This output is used by Xcode 'outputs' to avoid re-running this script phase.\necho \"SUCCESS\" > \"${SCRIPT_OUTPUT_FILE_0}\"\n";
			showEnvVarsInLog = 0;
		};
/* End PBXShellScriptBuildPhase section */

/* Begin PBXSourcesBuildPhase section */
		50A0F44E2819054E00ADAF85 /* Sources */ = {
			isa = PBXSourcesBuildPhase;
			buildActionMask = 2147483647;
			files = (
				50A0F491281A50DB00ADAF85 /* NoteList.swift in Sources */,
				50A0F48B281906D100ADAF85 /* Note.swift in Sources */,
				50A0F494281A52F300ADAF85 /* NoteListViewModel.swift in Sources */,
				50A0F48E2819096F00ADAF85 /* DatabaseManager.swift in Sources */,
				50A0F4752819054E00ADAF85 /* ContentView.swift in Sources */,
				50A0F4732819054E00ADAF85 /* flashApp.swift in Sources */,
			);
			runOnlyForDeploymentPostprocessing = 0;
		};
		50A0F4542819054E00ADAF85 /* Sources */ = {
			isa = PBXSourcesBuildPhase;
			buildActionMask = 2147483647;
			files = (
				50A0F48C281906D100ADAF85 /* Note.swift in Sources */,
				50A0F48F2819096F00ADAF85 /* DatabaseManager.swift in Sources */,
				50A0F4742819054E00ADAF85 /* flashApp.swift in Sources */,
			);
			runOnlyForDeploymentPostprocessing = 0;
		};
		50A0F45B2819054E00ADAF85 /* Sources */ = {
			isa = PBXSourcesBuildPhase;
			buildActionMask = 2147483647;
			files = (
				50A0F4662819054E00ADAF85 /* Tests_iOSLaunchTests.swift in Sources */,
				50A0F4642819054E00ADAF85 /* Tests_iOS.swift in Sources */,
			);
			runOnlyForDeploymentPostprocessing = 0;
		};
		50A0F4672819054E00ADAF85 /* Sources */ = {
			isa = PBXSourcesBuildPhase;
			buildActionMask = 2147483647;
			files = (
				50A0F4722819054E00ADAF85 /* Tests_macOSLaunchTests.swift in Sources */,
				50A0F4702819054E00ADAF85 /* Tests_macOS.swift in Sources */,
			);
			runOnlyForDeploymentPostprocessing = 0;
		};
/* End PBXSourcesBuildPhase section */

/* Begin PBXTargetDependency section */
		50A0F4612819054E00ADAF85 /* PBXTargetDependency */ = {
			isa = PBXTargetDependency;
			target = 50A0F4512819054E00ADAF85 /* flash (iOS) */;
			targetProxy = 50A0F4602819054E00ADAF85 /* PBXContainerItemProxy */;
		};
		50A0F46D2819054E00ADAF85 /* PBXTargetDependency */ = {
			isa = PBXTargetDependency;
			target = 50A0F4572819054E00ADAF85 /* flash (macOS) */;
			targetProxy = 50A0F46C2819054E00ADAF85 /* PBXContainerItemProxy */;
		};
/* End PBXTargetDependency section */

/* Begin XCBuildConfiguration section */
		50A0F4792819054E00ADAF85 /* Debug */ = {
			isa = XCBuildConfiguration;
			buildSettings = {
				ALWAYS_SEARCH_USER_PATHS = NO;
				CLANG_ANALYZER_NONNULL = YES;
				CLANG_ANALYZER_NUMBER_OBJECT_CONVERSION = YES_AGGRESSIVE;
				CLANG_CXX_LANGUAGE_STANDARD = "gnu++17";
				CLANG_ENABLE_MODULES = YES;
				CLANG_ENABLE_OBJC_ARC = YES;
				CLANG_ENABLE_OBJC_WEAK = YES;
				CLANG_WARN_BLOCK_CAPTURE_AUTORELEASING = YES;
				CLANG_WARN_BOOL_CONVERSION = YES;
				CLANG_WARN_COMMA = YES;
				CLANG_WARN_CONSTANT_CONVERSION = YES;
				CLANG_WARN_DEPRECATED_OBJC_IMPLEMENTATIONS = YES;
				CLANG_WARN_DIRECT_OBJC_ISA_USAGE = YES_ERROR;
				CLANG_WARN_DOCUMENTATION_COMMENTS = YES;
				CLANG_WARN_EMPTY_BODY = YES;
				CLANG_WARN_ENUM_CONVERSION = YES;
				CLANG_WARN_INFINITE_RECURSION = YES;
				CLANG_WARN_INT_CONVERSION = YES;
				CLANG_WARN_NON_LITERAL_NULL_CONVERSION = YES;
				CLANG_WARN_OBJC_IMPLICIT_RETAIN_SELF = YES;
				CLANG_WARN_OBJC_LITERAL_CONVERSION = YES;
				CLANG_WARN_OBJC_ROOT_CLASS = YES_ERROR;
				CLANG_WARN_QUOTED_INCLUDE_IN_FRAMEWORK_HEADER = YES;
				CLANG_WARN_RANGE_LOOP_ANALYSIS = YES;
				CLANG_WARN_STRICT_PROTOTYPES = YES;
				CLANG_WARN_SUSPICIOUS_MOVE = YES;
				CLANG_WARN_UNGUARDED_AVAILABILITY = YES_AGGRESSIVE;
				CLANG_WARN_UNREACHABLE_CODE = YES;
				CLANG_WARN__DUPLICATE_METHOD_MATCH = YES;
				COPY_PHASE_STRIP = NO;
				DEBUG_INFORMATION_FORMAT = dwarf;
				ENABLE_STRICT_OBJC_MSGSEND = YES;
				ENABLE_TESTABILITY = YES;
				GCC_C_LANGUAGE_STANDARD = gnu11;
				GCC_DYNAMIC_NO_PIC = NO;
				GCC_NO_COMMON_BLOCKS = YES;
				GCC_OPTIMIZATION_LEVEL = 0;
				GCC_PREPROCESSOR_DEFINITIONS = (
					"DEBUG=1",
					"$(inherited)",
				);
				GCC_WARN_64_TO_32_BIT_CONVERSION = YES;
				GCC_WARN_ABOUT_RETURN_TYPE = YES_ERROR;
				GCC_WARN_UNDECLARED_SELECTOR = YES;
				GCC_WARN_UNINITIALIZED_AUTOS = YES_AGGRESSIVE;
				GCC_WARN_UNUSED_FUNCTION = YES;
				GCC_WARN_UNUSED_VARIABLE = YES;
				MTL_ENABLE_DEBUG_INFO = INCLUDE_SOURCE;
				MTL_FAST_MATH = YES;
				ONLY_ACTIVE_ARCH = YES;
				SWIFT_ACTIVE_COMPILATION_CONDITIONS = DEBUG;
				SWIFT_OPTIMIZATION_LEVEL = "-Onone";
			};
			name = Debug;
		};
		50A0F47A2819054E00ADAF85 /* Release */ = {
			isa = XCBuildConfiguration;
			buildSettings = {
				ALWAYS_SEARCH_USER_PATHS = NO;
				CLANG_ANALYZER_NONNULL = YES;
				CLANG_ANALYZER_NUMBER_OBJECT_CONVERSION = YES_AGGRESSIVE;
				CLANG_CXX_LANGUAGE_STANDARD = "gnu++17";
				CLANG_ENABLE_MODULES = YES;
				CLANG_ENABLE_OBJC_ARC = YES;
				CLANG_ENABLE_OBJC_WEAK = YES;
				CLANG_WARN_BLOCK_CAPTURE_AUTORELEASING = YES;
				CLANG_WARN_BOOL_CONVERSION = YES;
				CLANG_WARN_COMMA = YES;
				CLANG_WARN_CONSTANT_CONVERSION = YES;
				CLANG_WARN_DEPRECATED_OBJC_IMPLEMENTATIONS = YES;
				CLANG_WARN_DIRECT_OBJC_ISA_USAGE = YES_ERROR;
				CLANG_WARN_DOCUMENTATION_COMMENTS = YES;
				CLANG_WARN_EMPTY_BODY = YES;
				CLANG_WARN_ENUM_CONVERSION = YES;
				CLANG_WARN_INFINITE_RECURSION = YES;
				CLANG_WARN_INT_CONVERSION = YES;
				CLANG_WARN_NON_LITERAL_NULL_CONVERSION = YES;
				CLANG_WARN_OBJC_IMPLICIT_RETAIN_SELF = YES;
				CLANG_WARN_OBJC_LITERAL_CONVERSION = YES;
				CLANG_WARN_OBJC_ROOT_CLASS = YES_ERROR;
				CLANG_WARN_QUOTED_INCLUDE_IN_FRAMEWORK_HEADER = YES;
				CLANG_WARN_RANGE_LOOP_ANALYSIS = YES;
				CLANG_WARN_STRICT_PROTOTYPES = YES;
				CLANG_WARN_SUSPICIOUS_MOVE = YES;
				CLANG_WARN_UNGUARDED_AVAILABILITY = YES_AGGRESSIVE;
				CLANG_WARN_UNREACHABLE_CODE = YES;
				CLANG_WARN__DUPLICATE_METHOD_MATCH = YES;
				COPY_PHASE_STRIP = NO;
				DEBUG_INFORMATION_FORMAT = "dwarf-with-dsym";
				ENABLE_NS_ASSERTIONS = NO;
				ENABLE_STRICT_OBJC_MSGSEND = YES;
				GCC_C_LANGUAGE_STANDARD = gnu11;
				GCC_NO_COMMON_BLOCKS = YES;
				GCC_WARN_64_TO_32_BIT_CONVERSION = YES;
				GCC_WARN_ABOUT_RETURN_TYPE = YES_ERROR;
				GCC_WARN_UNDECLARED_SELECTOR = YES;
				GCC_WARN_UNINITIALIZED_AUTOS = YES_AGGRESSIVE;
				GCC_WARN_UNUSED_FUNCTION = YES;
				GCC_WARN_UNUSED_VARIABLE = YES;
				MTL_ENABLE_DEBUG_INFO = NO;
				MTL_FAST_MATH = YES;
				SWIFT_COMPILATION_MODE = wholemodule;
				SWIFT_OPTIMIZATION_LEVEL = "-O";
			};
			name = Release;
		};
		50A0F47C2819054E00ADAF85 /* Debug */ = {
			isa = XCBuildConfiguration;
			baseConfigurationReference = 2AA8C25838AD78BFF7D083E1 /* Pods-flash (iOS).debug.xcconfig */;
			buildSettings = {
				ASSETCATALOG_COMPILER_APPICON_NAME = AppIcon;
				ASSETCATALOG_COMPILER_GLOBAL_ACCENT_COLOR_NAME = AccentColor;
				CODE_SIGN_STYLE = Automatic;
				CURRENT_PROJECT_VERSION = 1;
				DEVELOPMENT_TEAM = WX2JA5FWNQ;
				ENABLE_PREVIEWS = YES;
				GENERATE_INFOPLIST_FILE = YES;
				INFOPLIST_KEY_UIApplicationSceneManifest_Generation = YES;
				INFOPLIST_KEY_UIApplicationSupportsIndirectInputEvents = YES;
				INFOPLIST_KEY_UILaunchScreen_Generation = YES;
				INFOPLIST_KEY_UISupportedInterfaceOrientations_iPad = "UIInterfaceOrientationPortrait UIInterfaceOrientationPortraitUpsideDown UIInterfaceOrientationLandscapeLeft UIInterfaceOrientationLandscapeRight";
				INFOPLIST_KEY_UISupportedInterfaceOrientations_iPhone = "UIInterfaceOrientationPortrait UIInterfaceOrientationLandscapeLeft UIInterfaceOrientationLandscapeRight";
				IPHONEOS_DEPLOYMENT_TARGET = 15.4;
				LD_RUNPATH_SEARCH_PATHS = (
					"$(inherited)",
					"@executable_path/Frameworks",
				);
				MARKETING_VERSION = 1.0;
				PRODUCT_BUNDLE_IDENTIFIER = com.maxos.flash;
				PRODUCT_NAME = flash;
				SDKROOT = iphoneos;
				SWIFT_EMIT_LOC_STRINGS = YES;
				SWIFT_VERSION = 5.0;
				TARGETED_DEVICE_FAMILY = "1,2";
			};
			name = Debug;
		};
		50A0F47D2819054E00ADAF85 /* Release */ = {
			isa = XCBuildConfiguration;
			baseConfigurationReference = 4CF0276C61775FE6D42B0375 /* Pods-flash (iOS).release.xcconfig */;
			buildSettings = {
				ASSETCATALOG_COMPILER_APPICON_NAME = AppIcon;
				ASSETCATALOG_COMPILER_GLOBAL_ACCENT_COLOR_NAME = AccentColor;
				CODE_SIGN_STYLE = Automatic;
				CURRENT_PROJECT_VERSION = 1;
				DEVELOPMENT_TEAM = WX2JA5FWNQ;
				ENABLE_PREVIEWS = YES;
				GENERATE_INFOPLIST_FILE = YES;
				INFOPLIST_KEY_UIApplicationSceneManifest_Generation = YES;
				INFOPLIST_KEY_UIApplicationSupportsIndirectInputEvents = YES;
				INFOPLIST_KEY_UILaunchScreen_Generation = YES;
				INFOPLIST_KEY_UISupportedInterfaceOrientations_iPad = "UIInterfaceOrientationPortrait UIInterfaceOrientationPortraitUpsideDown UIInterfaceOrientationLandscapeLeft UIInterfaceOrientationLandscapeRight";
				INFOPLIST_KEY_UISupportedInterfaceOrientations_iPhone = "UIInterfaceOrientationPortrait UIInterfaceOrientationLandscapeLeft UIInterfaceOrientationLandscapeRight";
				IPHONEOS_DEPLOYMENT_TARGET = 15.4;
				LD_RUNPATH_SEARCH_PATHS = (
					"$(inherited)",
					"@executable_path/Frameworks",
				);
				MARKETING_VERSION = 1.0;
				PRODUCT_BUNDLE_IDENTIFIER = com.maxos.flash;
				PRODUCT_NAME = flash;
				SDKROOT = iphoneos;
				SWIFT_EMIT_LOC_STRINGS = YES;
				SWIFT_VERSION = 5.0;
				TARGETED_DEVICE_FAMILY = "1,2";
				VALIDATE_PRODUCT = YES;
			};
			name = Release;
		};
		50A0F47F2819054E00ADAF85 /* Debug */ = {
			isa = XCBuildConfiguration;
			baseConfigurationReference = 60759FD14A30BCFA9595EA79 /* Pods-flash (macOS).debug.xcconfig */;
			buildSettings = {
				ASSETCATALOG_COMPILER_APPICON_NAME = AppIcon;
				ASSETCATALOG_COMPILER_GLOBAL_ACCENT_COLOR_NAME = AccentColor;
				CODE_SIGN_ENTITLEMENTS = macOS/macOS.entitlements;
				CODE_SIGN_STYLE = Automatic;
				COMBINE_HIDPI_IMAGES = YES;
				CURRENT_PROJECT_VERSION = 1;
				DEVELOPMENT_TEAM = WX2JA5FWNQ;
				ENABLE_HARDENED_RUNTIME = YES;
				ENABLE_PREVIEWS = YES;
				GENERATE_INFOPLIST_FILE = YES;
				INFOPLIST_KEY_NSHumanReadableCopyright = "";
				LD_RUNPATH_SEARCH_PATHS = (
					"$(inherited)",
					"@executable_path/../Frameworks",
				);
				MACOSX_DEPLOYMENT_TARGET = 12.3;
				MARKETING_VERSION = 1.0;
				PRODUCT_BUNDLE_IDENTIFIER = com.maxos.flash;
				PRODUCT_NAME = flash;
				SDKROOT = macosx;
				SWIFT_EMIT_LOC_STRINGS = YES;
				SWIFT_VERSION = 5.0;
			};
			name = Debug;
		};
		50A0F4802819054E00ADAF85 /* Release */ = {
			isa = XCBuildConfiguration;
			baseConfigurationReference = 4922E8116C689DBD61613136 /* Pods-flash (macOS).release.xcconfig */;
			buildSettings = {
				ASSETCATALOG_COMPILER_APPICON_NAME = AppIcon;
				ASSETCATALOG_COMPILER_GLOBAL_ACCENT_COLOR_NAME = AccentColor;
				CODE_SIGN_ENTITLEMENTS = macOS/macOS.entitlements;
				CODE_SIGN_STYLE = Automatic;
				COMBINE_HIDPI_IMAGES = YES;
				CURRENT_PROJECT_VERSION = 1;
				DEVELOPMENT_TEAM = WX2JA5FWNQ;
				ENABLE_HARDENED_RUNTIME = YES;
				ENABLE_PREVIEWS = YES;
				GENERATE_INFOPLIST_FILE = YES;
				INFOPLIST_KEY_NSHumanReadableCopyright = "";
				LD_RUNPATH_SEARCH_PATHS = (
					"$(inherited)",
					"@executable_path/../Frameworks",
				);
				MACOSX_DEPLOYMENT_TARGET = 12.3;
				MARKETING_VERSION = 1.0;
				PRODUCT_BUNDLE_IDENTIFIER = com.maxos.flash;
				PRODUCT_NAME = flash;
				SDKROOT = macosx;
				SWIFT_EMIT_LOC_STRINGS = YES;
				SWIFT_VERSION = 5.0;
			};
			name = Release;
		};
		50A0F4822819054E00ADAF85 /* Debug */ = {
			isa = XCBuildConfiguration;
			buildSettings = {
				ALWAYS_EMBED_SWIFT_STANDARD_LIBRARIES = YES;
				CODE_SIGN_STYLE = Automatic;
				CURRENT_PROJECT_VERSION = 1;
				DEVELOPMENT_TEAM = WX2JA5FWNQ;
				GENERATE_INFOPLIST_FILE = YES;
				IPHONEOS_DEPLOYMENT_TARGET = 15.4;
				MARKETING_VERSION = 1.0;
				PRODUCT_BUNDLE_IDENTIFIER = "com.maxos.Tests-iOS";
				PRODUCT_NAME = "$(TARGET_NAME)";
				SDKROOT = iphoneos;
				SWIFT_EMIT_LOC_STRINGS = NO;
				SWIFT_VERSION = 5.0;
				TARGETED_DEVICE_FAMILY = "1,2";
				TEST_TARGET_NAME = "flash (iOS)";
			};
			name = Debug;
		};
		50A0F4832819054E00ADAF85 /* Release */ = {
			isa = XCBuildConfiguration;
			buildSettings = {
				ALWAYS_EMBED_SWIFT_STANDARD_LIBRARIES = YES;
				CODE_SIGN_STYLE = Automatic;
				CURRENT_PROJECT_VERSION = 1;
				DEVELOPMENT_TEAM = WX2JA5FWNQ;
				GENERATE_INFOPLIST_FILE = YES;
				IPHONEOS_DEPLOYMENT_TARGET = 15.4;
				MARKETING_VERSION = 1.0;
				PRODUCT_BUNDLE_IDENTIFIER = "com.maxos.Tests-iOS";
				PRODUCT_NAME = "$(TARGET_NAME)";
				SDKROOT = iphoneos;
				SWIFT_EMIT_LOC_STRINGS = NO;
				SWIFT_VERSION = 5.0;
				TARGETED_DEVICE_FAMILY = "1,2";
				TEST_TARGET_NAME = "flash (iOS)";
				VALIDATE_PRODUCT = YES;
			};
			name = Release;
		};
		50A0F4852819054E00ADAF85 /* Debug */ = {
			isa = XCBuildConfiguration;
			buildSettings = {
				ALWAYS_EMBED_SWIFT_STANDARD_LIBRARIES = YES;
				CODE_SIGN_STYLE = Automatic;
				CURRENT_PROJECT_VERSION = 1;
				DEVELOPMENT_TEAM = WX2JA5FWNQ;
				GENERATE_INFOPLIST_FILE = YES;
				MACOSX_DEPLOYMENT_TARGET = 12.3;
				MARKETING_VERSION = 1.0;
				PRODUCT_BUNDLE_IDENTIFIER = "com.maxos.Tests-macOS";
				PRODUCT_NAME = "$(TARGET_NAME)";
				SDKROOT = macosx;
				SWIFT_EMIT_LOC_STRINGS = NO;
				SWIFT_VERSION = 5.0;
				TEST_TARGET_NAME = "flash (macOS)";
			};
			name = Debug;
		};
		50A0F4862819054E00ADAF85 /* Release */ = {
			isa = XCBuildConfiguration;
			buildSettings = {
				ALWAYS_EMBED_SWIFT_STANDARD_LIBRARIES = YES;
				CODE_SIGN_STYLE = Automatic;
				CURRENT_PROJECT_VERSION = 1;
				DEVELOPMENT_TEAM = WX2JA5FWNQ;
				GENERATE_INFOPLIST_FILE = YES;
				MACOSX_DEPLOYMENT_TARGET = 12.3;
				MARKETING_VERSION = 1.0;
				PRODUCT_BUNDLE_IDENTIFIER = "com.maxos.Tests-macOS";
				PRODUCT_NAME = "$(TARGET_NAME)";
				SDKROOT = macosx;
				SWIFT_EMIT_LOC_STRINGS = NO;
				SWIFT_VERSION = 5.0;
				TEST_TARGET_NAME = "flash (macOS)";
			};
			name = Release;
		};
/* End XCBuildConfiguration section */

/* Begin XCConfigurationList section */
		50A0F4492819054C00ADAF85 /* Build configuration list for PBXProject "flash" */ = {
			isa = XCConfigurationList;
			buildConfigurations = (
				50A0F4792819054E00ADAF85 /* Debug */,
				50A0F47A2819054E00ADAF85 /* Release */,
			);
			defaultConfigurationIsVisible = 0;
			defaultConfigurationName = Release;
		};
		50A0F47B2819054E00ADAF85 /* Build configuration list for PBXNativeTarget "flash (iOS)" */ = {
			isa = XCConfigurationList;
			buildConfigurations = (
				50A0F47C2819054E00ADAF85 /* Debug */,
				50A0F47D2819054E00ADAF85 /* Release */,
			);
			defaultConfigurationIsVisible = 0;
			defaultConfigurationName = Release;
		};
		50A0F47E2819054E00ADAF85 /* Build configuration list for PBXNativeTarget "flash (macOS)" */ = {
			isa = XCConfigurationList;
			buildConfigurations = (
				50A0F47F2819054E00ADAF85 /* Debug */,
				50A0F4802819054E00ADAF85 /* Release */,
			);
			defaultConfigurationIsVisible = 0;
			defaultConfigurationName = Release;
		};
		50A0F4812819054E00ADAF85 /* Build configuration list for PBXNativeTarget "Tests iOS" */ = {
			isa = XCConfigurationList;
			buildConfigurations = (
				50A0F4822819054E00ADAF85 /* Debug */,
				50A0F4832819054E00ADAF85 /* Release */,
			);
			defaultConfigurationIsVisible = 0;
			defaultConfigurationName = Release;
		};
		50A0F4842819054E00ADAF85 /* Build configuration list for PBXNativeTarget "Tests macOS" */ = {
			isa = XCConfigurationList;
			buildConfigurations = (
				50A0F4852819054E00ADAF85 /* Debug */,
				50A0F4862819054E00ADAF85 /* Release */,
			);
			defaultConfigurationIsVisible = 0;
			defaultConfigurationName = Release;
		};
/* End XCConfigurationList section */
	};
	rootObject = 50A0F4462819054C00ADAF85 /* Project object */;
}
